
Microsoft Visual Studio Solution File, Format Version 12.00
# Visual Studio Version 17
VisualStudioVersion = 17.11.35327.3
MinimumVisualStudioVersion = 10.0.40219.1
Project("{9A19103F-16F7-4668-BE54-9A1E7A4F7556}") = "RestaurantZamaWeb", "RestaurantZamaWeb\RestaurantZamaWeb.csproj", "{A629EAC1-F3B0-4C5B-BFE4-15DD7EF3AB6D}"
EndProject
Project("{9A19103F-16F7-4668-BE54-9A1E7A4F7556}") = "RestaurantZamaApp", "RestaurantZamaApp\RestaurantZamaApp.csproj", "{0A868180-0A40-4672-A8B9-9429C3D4E6F5}"
EndProject
Project("{FAE04EC0-301F-11D3-BF4B-00C04F79EFBC}") = "RestaurantZamaShared", "RestaurantZamaShared\RestaurantZamaShared.csproj", "{446B78D9-DBA3-4180-ABAE-F5AB57D8888B}"
EndProject
Global
	GlobalSection(SolutionConfigurationPlatforms) = preSolution
		Debug|Any CPU = Debug|Any CPU
		Release|Any CPU = Release|Any CPU
	EndGlobalSection
	GlobalSection(ProjectConfigurationPlatforms) = postSolution
		{A629EAC1-F3B0-4C5B-BFE4-15DD7EF3AB6D}.Debug|Any CPU.ActiveCfg = Debug|Any CPU
		{A629EAC1-F3B0-4C5B-BFE4-15DD7EF3AB6D}.Debug|Any CPU.Build.0 = Debug|Any CPU
		{A629EAC1-F3B0-4C5B-BFE4-15DD7EF3AB6D}.Release|Any CPU.ActiveCfg = Release|Any CPU
		{A629EAC1-F3B0-4C5B-BFE4-15DD7EF3AB6D}.Release|Any CPU.Build.0 = Release|Any CPU
		{0A868180-0A40-4672-A8B9-9429C3D4E6F5}.Debug|Any CPU.ActiveCfg = Debug|Any CPU
		{0A868180-0A40-4672-A8B9-9429C3D4E6F5}.Debug|Any CPU.Build.0 = Debug|Any CPU
		{0A868180-0A40-4672-A8B9-9429C3D4E6F5}.Debug|Any CPU.Deploy.0 = Debug|Any CPU
		{0A868180-0A40-4672-A8B9-9429C3D4E6F5}.Release|Any CPU.ActiveCfg = Release|Any CPU
		{0A868180-0A40-4672-A8B9-9429C3D4E6F5}.Release|Any CPU.Build.0 = Release|Any CPU
		{0A868180-0A40-4672-A8B9-9429C3D4E6F5}.Release|Any CPU.Deploy.0 = Release|Any CPU
		{446B78D9-DBA3-4180-ABAE-F5AB57D8888B}.Debug|Any CPU.ActiveCfg = Debug|Any CPU
		{446B78D9-DBA3-4180-ABAE-F5AB57D8888B}.Debug|Any CPU.Build.0 = Debug|Any CPU
		{446B78D9-DBA3-4180-ABAE-F5AB57D8888B}.Release|Any CPU.ActiveCfg = Release|Any CPU
		{446B78D9-DBA3-4180-ABAE-F5AB57D8888B}.Release|Any CPU.Build.0 = Release|Any CPU
	EndGlobalSection
	GlobalSection(SolutionProperties) = preSolution
		HideSolutionNode = FALSE
	EndGlobalSection
	GlobalSection(ExtensibilityGlobals) = postSolution
		SolutionGuid = {538317A7-EFB1-43BD-B9F2-1B10CE2153F9}
	EndGlobalSection
EndGlobal
